
Microsoft Visual Studio Solution File, Format Version 12.00
# Visual Studio Version 17
VisualStudioVersion = 17.0.31919.166
MinimumVisualStudioVersion = 10.0.40219.1
Project("{9A19103F-16F7-4668-BE54-9A1E7A4F7556}") = "HelloWorld", "ConsoleApp1\HelloWorld.csproj", "{DDC4DEF0-95FF-4FEB-A48E-348582AB0587}"
EndProject
Project("{FAE04EC0-301F-11D3-BF4B-00C04F79EFBC}") = "02Loops", "02Loops\02Loops.csproj", "{672DDA2E-D0B1-438F-A01A-409914B9DD08}"
EndProject
Global
	GlobalSection(SolutionConfigurationPlatforms) = preSolution
		Debug|Any CPU = Debug|Any CPU
		Release|Any CPU = Release|Any CPU
	EndGlobalSection
	GlobalSection(ProjectConfigurationPlatforms) = postSolution
		{DDC4DEF0-95FF-4FEB-A48E-348582AB0587}.Debug|Any CPU.ActiveCfg = Debug|Any CPU
		{DDC4DEF0-95FF-4FEB-A48E-348582AB0587}.Debug|Any CPU.Build.0 = Debug|Any CPU
		{DDC4DEF0-95FF-4FEB-A48E-348582AB0587}.Release|Any CPU.ActiveCfg = Release|Any CPU
		{DDC4DEF0-95FF-4FEB-A48E-348582AB0587}.Release|Any CPU.Build.0 = Release|Any CPU
		{672DDA2E-D0B1-438F-A01A-409914B9DD08}.Debug|Any CPU.ActiveCfg = Debug|Any CPU
		{672DDA2E-D0B1-438F-A01A-409914B9DD08}.Debug|Any CPU.Build.0 = Debug|Any CPU
		{672DDA2E-D0B1-438F-A01A-409914B9DD08}.Release|Any CPU.ActiveCfg = Release|Any CPU
		{672DDA2E-D0B1-438F-A01A-409914B9DD08}.Release|Any CPU.Build.0 = Release|Any CPU
	EndGlobalSection
	GlobalSection(SolutionProperties) = preSolution
		HideSolutionNode = FALSE
	EndGlobalSection
	GlobalSection(ExtensibilityGlobals) = postSolution
		SolutionGuid = {09B9015A-CE93-4058-A3C5-D2CB7CD2F2E8}
	EndGlobalSection
EndGlobal
